
Microsoft Visual Studio Solution File, Format Version 12.00
# Visual Studio 15
VisualStudioVersion = 15.0.26124.0
MinimumVisualStudioVersion = 15.0.26124.0
Project("{FAE04EC0-301F-11D3-BF4B-00C04F79EFBC}") = "2015", "2015\2015.csproj", "{21F3DA22-A6F2-4012-B6EB-02AD900864D5}"
EndProject
Project("{FAE04EC0-301F-11D3-BF4B-00C04F79EFBC}") = "2020", "2020\2020.csproj", "{50EDC4BC-8A44-4DB0-A0D9-8207A29AB460}"
EndProject
Project("{F2A71F9B-5D33-465A-A702-920D77279786}") = "aoc2019", "2019\src\aoc2019.fsproj", "{A7425C6A-DE12-41B4-AE8B-BA6776ECA956}"
EndProject
Project("{F2A71F9B-5D33-465A-A702-920D77279786}") = "2021", "2021\2021.fsproj", "{0D227DC0-78E1-40FF-B3C0-6B643461526E}"
EndProject
Project("{FAE04EC0-301F-11D3-BF4B-00C04F79EFBC}") = "2021cs", "2021cs\2021cs.csproj", "{101AE017-CCB9-47DE-A59A-1015E124E7E9}"
EndProject
Global
	GlobalSection(SolutionConfigurationPlatforms) = preSolution
		Debug|Any CPU = Debug|Any CPU
		Debug|x64 = Debug|x64
		Debug|x86 = Debug|x86
		Release|Any CPU = Release|Any CPU
		Release|x64 = Release|x64
		Release|x86 = Release|x86
	EndGlobalSection
	GlobalSection(SolutionProperties) = preSolution
		HideSolutionNode = FALSE
	EndGlobalSection
	GlobalSection(ProjectConfigurationPlatforms) = postSolution
		{21F3DA22-A6F2-4012-B6EB-02AD900864D5}.Debug|Any CPU.ActiveCfg = Debug|Any CPU
		{21F3DA22-A6F2-4012-B6EB-02AD900864D5}.Debug|Any CPU.Build.0 = Debug|Any CPU
		{21F3DA22-A6F2-4012-B6EB-02AD900864D5}.Debug|x64.ActiveCfg = Debug|Any CPU
		{21F3DA22-A6F2-4012-B6EB-02AD900864D5}.Debug|x64.Build.0 = Debug|Any CPU
		{21F3DA22-A6F2-4012-B6EB-02AD900864D5}.Debug|x86.ActiveCfg = Debug|Any CPU
		{21F3DA22-A6F2-4012-B6EB-02AD900864D5}.Debug|x86.Build.0 = Debug|Any CPU
		{21F3DA22-A6F2-4012-B6EB-02AD900864D5}.Release|Any CPU.ActiveCfg = Release|Any CPU
		{21F3DA22-A6F2-4012-B6EB-02AD900864D5}.Release|Any CPU.Build.0 = Release|Any CPU
		{21F3DA22-A6F2-4012-B6EB-02AD900864D5}.Release|x64.ActiveCfg = Release|Any CPU
		{21F3DA22-A6F2-4012-B6EB-02AD900864D5}.Release|x64.Build.0 = Release|Any CPU
		{21F3DA22-A6F2-4012-B6EB-02AD900864D5}.Release|x86.ActiveCfg = Release|Any CPU
		{21F3DA22-A6F2-4012-B6EB-02AD900864D5}.Release|x86.Build.0 = Release|Any CPU
		{50EDC4BC-8A44-4DB0-A0D9-8207A29AB460}.Debug|Any CPU.ActiveCfg = Debug|Any CPU
		{50EDC4BC-8A44-4DB0-A0D9-8207A29AB460}.Debug|Any CPU.Build.0 = Debug|Any CPU
		{50EDC4BC-8A44-4DB0-A0D9-8207A29AB460}.Debug|x64.ActiveCfg = Debug|Any CPU
		{50EDC4BC-8A44-4DB0-A0D9-8207A29AB460}.Debug|x64.Build.0 = Debug|Any CPU
		{50EDC4BC-8A44-4DB0-A0D9-8207A29AB460}.Debug|x86.ActiveCfg = Debug|Any CPU
		{50EDC4BC-8A44-4DB0-A0D9-8207A29AB460}.Debug|x86.Build.0 = Debug|Any CPU
		{50EDC4BC-8A44-4DB0-A0D9-8207A29AB460}.Release|Any CPU.ActiveCfg = Release|Any CPU
		{50EDC4BC-8A44-4DB0-A0D9-8207A29AB460}.Release|Any CPU.Build.0 = Release|Any CPU
		{50EDC4BC-8A44-4DB0-A0D9-8207A29AB460}.Release|x64.ActiveCfg = Release|Any CPU
		{50EDC4BC-8A44-4DB0-A0D9-8207A29AB460}.Release|x64.Build.0 = Release|Any CPU
		{50EDC4BC-8A44-4DB0-A0D9-8207A29AB460}.Release|x86.ActiveCfg = Release|Any CPU
		{50EDC4BC-8A44-4DB0-A0D9-8207A29AB460}.Release|x86.Build.0 = Release|Any CPU
		{A7425C6A-DE12-41B4-AE8B-BA6776ECA956}.Debug|Any CPU.ActiveCfg = Debug|Any CPU
		{A7425C6A-DE12-41B4-AE8B-BA6776ECA956}.Debug|Any CPU.Build.0 = Debug|Any CPU
		{A7425C6A-DE12-41B4-AE8B-BA6776ECA956}.Debug|x64.ActiveCfg = Debug|Any CPU
		{A7425C6A-DE12-41B4-AE8B-BA6776ECA956}.Debug|x64.Build.0 = Debug|Any CPU
		{A7425C6A-DE12-41B4-AE8B-BA6776ECA956}.Debug|x86.ActiveCfg = Debug|Any CPU
		{A7425C6A-DE12-41B4-AE8B-BA6776ECA956}.Debug|x86.Build.0 = Debug|Any CPU
		{A7425C6A-DE12-41B4-AE8B-BA6776ECA956}.Release|Any CPU.ActiveCfg = Release|Any CPU
		{A7425C6A-DE12-41B4-AE8B-BA6776ECA956}.Release|Any CPU.Build.0 = Release|Any CPU
		{A7425C6A-DE12-41B4-AE8B-BA6776ECA956}.Release|x64.ActiveCfg = Release|Any CPU
		{A7425C6A-DE12-41B4-AE8B-BA6776ECA956}.Release|x64.Build.0 = Release|Any CPU
		{A7425C6A-DE12-41B4-AE8B-BA6776ECA956}.Release|x86.ActiveCfg = Release|Any CPU
		{A7425C6A-DE12-41B4-AE8B-BA6776ECA956}.Release|x86.Build.0 = Release|Any CPU
		{0D227DC0-78E1-40FF-B3C0-6B643461526E}.Debug|Any CPU.ActiveCfg = Debug|Any CPU
		{0D227DC0-78E1-40FF-B3C0-6B643461526E}.Debug|Any CPU.Build.0 = Debug|Any CPU
		{0D227DC0-78E1-40FF-B3C0-6B643461526E}.Debug|x64.ActiveCfg = Debug|Any CPU
		{0D227DC0-78E1-40FF-B3C0-6B643461526E}.Debug|x64.Build.0 = Debug|Any CPU
		{0D227DC0-78E1-40FF-B3C0-6B643461526E}.Debug|x86.ActiveCfg = Debug|Any CPU
		{0D227DC0-78E1-40FF-B3C0-6B643461526E}.Debug|x86.Build.0 = Debug|Any CPU
		{0D227DC0-78E1-40FF-B3C0-6B643461526E}.Release|Any CPU.ActiveCfg = Release|Any CPU
		{0D227DC0-78E1-40FF-B3C0-6B643461526E}.Release|Any CPU.Build.0 = Release|Any CPU
		{0D227DC0-78E1-40FF-B3C0-6B643461526E}.Release|x64.ActiveCfg = Release|Any CPU
		{0D227DC0-78E1-40FF-B3C0-6B643461526E}.Release|x64.Build.0 = Release|Any CPU
		{0D227DC0-78E1-40FF-B3C0-6B643461526E}.Release|x86.ActiveCfg = Release|Any CPU
		{0D227DC0-78E1-40FF-B3C0-6B643461526E}.Release|x86.Build.0 = Release|Any CPU
		{101AE017-CCB9-47DE-A59A-1015E124E7E9}.Debug|Any CPU.ActiveCfg = Debug|Any CPU
		{101AE017-CCB9-47DE-A59A-1015E124E7E9}.Debug|Any CPU.Build.0 = Debug|Any CPU
		{101AE017-CCB9-47DE-A59A-1015E124E7E9}.Debug|x64.ActiveCfg = Debug|Any CPU
		{101AE017-CCB9-47DE-A59A-1015E124E7E9}.Debug|x64.Build.0 = Debug|Any CPU
		{101AE017-CCB9-47DE-A59A-1015E124E7E9}.Debug|x86.ActiveCfg = Debug|Any CPU
		{101AE017-CCB9-47DE-A59A-1015E124E7E9}.Debug|x86.Build.0 = Debug|Any CPU
		{101AE017-CCB9-47DE-A59A-1015E124E7E9}.Release|Any CPU.ActiveCfg = Release|Any CPU
		{101AE017-CCB9-47DE-A59A-1015E124E7E9}.Release|Any CPU.Build.0 = Release|Any CPU
		{101AE017-CCB9-47DE-A59A-1015E124E7E9}.Release|x64.ActiveCfg = Release|Any CPU
		{101AE017-CCB9-47DE-A59A-1015E124E7E9}.Release|x64.Build.0 = Release|Any CPU
		{101AE017-CCB9-47DE-A59A-1015E124E7E9}.Release|x86.ActiveCfg = Release|Any CPU
		{101AE017-CCB9-47DE-A59A-1015E124E7E9}.Release|x86.Build.0 = Release|Any CPU
	EndGlobalSection
EndGlobal
